
Microsoft Visual Studio Solution File, Format Version 12.00
# Visual Studio Version 17
VisualStudioVersion = 17.2.32526.322
MinimumVisualStudioVersion = 10.0.40219.1
Project("{FAE04EC0-301F-11D3-BF4B-00C04F79EFBC}") = "EssentialCSharp10", "EssentialCSharp10.csproj", "{33B690C9-E02F-4AEB-A8D0-676D044C0051}"
EndProject
Global
	GlobalSection(SolutionConfigurationPlatforms) = preSolution
		Debug|Any CPU = Debug|Any CPU
		Release|Any CPU = Release|Any CPU
	EndGlobalSection
	GlobalSection(ProjectConfigurationPlatforms) = postSolution
		{33B690C9-E02F-4AEB-A8D0-676D044C0051}.Debug|Any CPU.ActiveCfg = Debug|Any CPU
		{33B690C9-E02F-4AEB-A8D0-676D044C0051}.Debug|Any CPU.Build.0 = Debug|Any CPU
		{33B690C9-E02F-4AEB-A8D0-676D044C0051}.Release|Any CPU.ActiveCfg = Release|Any CPU
		{33B690C9-E02F-4AEB-A8D0-676D044C0051}.Release|Any CPU.Build.0 = Release|Any CPU
	EndGlobalSection
	GlobalSection(SolutionProperties) = preSolution
		HideSolutionNode = FALSE
	EndGlobalSection
	GlobalSection(ExtensibilityGlobals) = postSolution
		SolutionGuid = {5BA52052-9AE4-4CA6-91AE-C8F76DE3C6A7}
	EndGlobalSection
EndGlobal
